# This file is automatically @generated by Cargo.
# It is not intended for manual editing.
version = 4

[[package]]
name = "libc"
version = "0.2.189"
source = "registry+https://github.com/rust-lang/crates.io-index"
checksum = "3eaf3ede3fee6db1a4c2ee091bf8a8b4dccdc6d17f656fb07896ee72867612f2"

[[package]]
name = "memmap2"
version = "0.9.11"
source = "registry+https://github.com/rust-lang/crates.io-index"
checksum = "d1219ed1b7f229ee7104d281dd01d6802fe28bb6e95d292942c4daacdeb798c0"
dependencies = [
 "libc",
]

[[package]]
name = "rucc"
version = "0.3.0"
dependencies = [
 "rucc-driver",
]

[[package]]
name = "rucc-asm"
version = "0.3.0"

[[package]]
name = "rucc-ast"
version = "0.3.0"
dependencies = [
 "rucc-base",
 "rucc-diag",
 "rucc-lex",
]

[[package]]
name = "rucc-base"
version = "0.3.0"

[[package]]
name = "rucc-builtins"
version = "0.3.0"

[[package]]
name = "rucc-codegen"
version = "0.3.0"

[[package]]
name = "rucc-debug"
version = "0.3.0"

[[package]]
name = "rucc-diag"
version = "0.3.0"

[[package]]
name = "rucc-driver"
version = "0.3.0"
dependencies = [
 "memmap2",
 "rucc-base",
 "rucc-diag",
 "rucc-ir",
 "rucc-lex",
 "rucc-lower",
 "rucc-parse",
 "rucc-pp",
 "rucc-sema",
 "rucc-session",
 "rucc-target",
]

[[package]]
name = "rucc-gnu"
version = "0.3.0"

[[package]]
name = "rucc-ir"
version = "0.3.0"
dependencies = [
 "rucc-base",
 "rucc-diag",
 "rucc-target",
]

[[package]]
name = "rucc-lex"
version = "0.3.0"
dependencies = [
 "rucc-base",
 "rucc-diag",
 "rucc-session",
 "rucc-target",
 "rucc-types",
]

[[package]]
name = "rucc-lower"
version = "0.3.0"
dependencies = [
 "rucc-ast",
 "rucc-base",
 "rucc-diag",
 "rucc-ir",
 "rucc-sema",
 "rucc-target",
 "rucc-types",
]

[[package]]
name = "rucc-lto"
version = "0.3.0"

[[package]]
name = "rucc-mir"
version = "0.3.0"
dependencies = [
 "rucc-base",
 "rucc-diag",
 "rucc-target",
]

[[package]]
name = "rucc-object"
version = "0.3.0"

[[package]]
name = "rucc-opt"
version = "0.3.0"

[[package]]
name = "rucc-parse"
version = "0.3.0"
dependencies = [
 "rucc-ast",
 "rucc-base",
 "rucc-diag",
 "rucc-lex",
 "rucc-session",
 "rucc-target",
]

[[package]]
name = "rucc-pp"
version = "0.3.0"
dependencies = [
 "rucc-base",
 "rucc-diag",
 "rucc-gnu",
 "rucc-lex",
 "rucc-session",
 "rucc-target",
]

[[package]]
name = "rucc-regalloc"
version = "0.3.0"

[[package]]
name = "rucc-rules"
version = "0.3.0"

[[package]]
name = "rucc-sema"
version = "0.3.0"
dependencies = [
 "rucc-ast",
 "rucc-base",
 "rucc-diag",
 "rucc-gnu",
 "rucc-lex",
 "rucc-session",
 "rucc-target",
 "rucc-types",
]

[[package]]
name = "rucc-session"
version = "0.3.0"
dependencies = [
 "rucc-base",
 "rucc-diag",
 "rucc-target",
]

[[package]]
name = "rucc-target"
version = "0.3.0"
dependencies = [
 "rucc-base",
]

[[package]]
name = "rucc-types"
version = "0.3.0"
dependencies = [
 "rucc-base",
 "rucc-target",
]

[[package]]
name = "rucc-verify"
version = "0.3.0"
dependencies = [
 "rucc-rules",
]

[[package]]
name = "xtask"
version = "0.3.0"
