# This file is automatically @generated by Cargo.
# It is not intended for manual editing.
version = 4

[[package]]
name = "cfg-if"
version = "1.0.4"
source = "registry+https://github.com/rust-lang/crates.io-index"
checksum = "9330f8b2ff13f34540b44e946ef35111825727b38d33286ef986142615121801"

[[package]]
name = "crc32fast"
version = "1.5.1"
source = "registry+https://github.com/rust-lang/crates.io-index"
checksum = "8498c871161e1742aaa9d52551b2d6ebdd4c3d45a3be423e3728f33b955be550"
dependencies = [
 "cfg-if",
]

[[package]]
name = "equivalent"
version = "1.0.2"
source = "registry+https://github.com/rust-lang/crates.io-index"
checksum = "877a4ace8713b0bcf2a4e7eec82529c029f1d0619886d18145fea96c3ffe5c0f"

[[package]]
name = "foldhash"
version = "0.2.0"
source = "registry+https://github.com/rust-lang/crates.io-index"
checksum = "77ce24cb58228fbb8aa041425bb1050850ac19177686ea6e0f41a70416f56fdb"

[[package]]
name = "hashbrown"
version = "0.17.1"
source = "registry+https://github.com/rust-lang/crates.io-index"
checksum = "ed5909b6e89a2db4456e54cd5f673791d7eca6732202bbf2a9cc504fe2f9b84a"
dependencies = [
 "foldhash",
]

[[package]]
name = "indexmap"
version = "2.14.1"
source = "registry+https://github.com/rust-lang/crates.io-index"
checksum = "07aa2048142242915a31d35844fb311e0e53fcca590c3a0a40dcf1b841fa09eb"
dependencies = [
 "equivalent",
 "hashbrown",
]

[[package]]
name = "libc"
version = "0.2.189"
source = "registry+https://github.com/rust-lang/crates.io-index"
checksum = "3eaf3ede3fee6db1a4c2ee091bf8a8b4dccdc6d17f656fb07896ee72867612f2"

[[package]]
name = "memchr"
version = "2.8.3"
source = "registry+https://github.com/rust-lang/crates.io-index"
checksum = "cf8baf1c55e62ffcace7a9f06f4bd9cd3f0c4beb022d3b367256b91b87513d98"

[[package]]
name = "memmap2"
version = "0.9.11"
source = "registry+https://github.com/rust-lang/crates.io-index"
checksum = "d1219ed1b7f229ee7104d281dd01d6802fe28bb6e95d292942c4daacdeb798c0"
dependencies = [
 "libc",
]

[[package]]
name = "object"
version = "0.40.0"
source = "registry+https://github.com/rust-lang/crates.io-index"
checksum = "dd229a0361b9d0d4396176e02d65897f487eebeab7caa6d443855ee152ca0b9c"
dependencies = [
 "crc32fast",
 "hashbrown",
 "indexmap",
 "memchr",
]

[[package]]
name = "rucc"
version = "0.4.1"
dependencies = [
 "rucc-driver",
]

[[package]]
name = "rucc-asm"
version = "0.4.1"
dependencies = [
 "rucc-base",
 "rucc-ir",
 "rucc-mir",
 "rucc-object",
 "rucc-target",
]

[[package]]
name = "rucc-ast"
version = "0.4.1"
dependencies = [
 "rucc-base",
 "rucc-diag",
 "rucc-lex",
]

[[package]]
name = "rucc-base"
version = "0.4.1"

[[package]]
name = "rucc-builtins"
version = "0.4.1"

[[package]]
name = "rucc-codegen"
version = "0.4.1"
dependencies = [
 "rucc-base",
 "rucc-ir",
 "rucc-mir",
 "rucc-regalloc",
 "rucc-rules",
 "rucc-target",
]

[[package]]
name = "rucc-cost"
version = "0.4.1"
dependencies = [
 "rucc-target",
]

[[package]]
name = "rucc-debug"
version = "0.4.1"

[[package]]
name = "rucc-diag"
version = "0.4.1"

[[package]]
name = "rucc-driver"
version = "0.4.1"
dependencies = [
 "memmap2",
 "rucc-asm",
 "rucc-base",
 "rucc-codegen",
 "rucc-diag",
 "rucc-ir",
 "rucc-lex",
 "rucc-lower",
 "rucc-mir",
 "rucc-object",
 "rucc-opt",
 "rucc-parse",
 "rucc-pp",
 "rucc-sema",
 "rucc-session",
 "rucc-target",
]

[[package]]
name = "rucc-gnu"
version = "0.4.1"

[[package]]
name = "rucc-ir"
version = "0.4.1"
dependencies = [
 "rucc-base",
 "rucc-diag",
 "rucc-target",
]

[[package]]
name = "rucc-lex"
version = "0.4.1"
dependencies = [
 "rucc-base",
 "rucc-diag",
 "rucc-session",
 "rucc-target",
 "rucc-types",
]

[[package]]
name = "rucc-lower"
version = "0.4.1"
dependencies = [
 "rucc-ast",
 "rucc-base",
 "rucc-diag",
 "rucc-ir",
 "rucc-sema",
 "rucc-target",
 "rucc-types",
]

[[package]]
name = "rucc-lto"
version = "0.4.1"

[[package]]
name = "rucc-mir"
version = "0.4.1"
dependencies = [
 "rucc-base",
 "rucc-diag",
 "rucc-target",
]

[[package]]
name = "rucc-object"
version = "0.4.1"
dependencies = [
 "object",
 "rucc-target",
]

[[package]]
name = "rucc-opt"
version = "0.4.1"
dependencies = [
 "rucc-base",
 "rucc-ir",
 "rucc-session",
 "rucc-target",
]

[[package]]
name = "rucc-parse"
version = "0.4.1"
dependencies = [
 "rucc-ast",
 "rucc-base",
 "rucc-diag",
 "rucc-lex",
 "rucc-session",
 "rucc-target",
]

[[package]]
name = "rucc-pp"
version = "0.4.1"
dependencies = [
 "rucc-base",
 "rucc-diag",
 "rucc-gnu",
 "rucc-lex",
 "rucc-session",
 "rucc-target",
]

[[package]]
name = "rucc-regalloc"
version = "0.4.1"
dependencies = [
 "rucc-base",
 "rucc-mir",
 "rucc-target",
]

[[package]]
name = "rucc-rules"
version = "0.4.1"

[[package]]
name = "rucc-sema"
version = "0.4.1"
dependencies = [
 "rucc-ast",
 "rucc-base",
 "rucc-diag",
 "rucc-gnu",
 "rucc-lex",
 "rucc-session",
 "rucc-target",
 "rucc-types",
]

[[package]]
name = "rucc-session"
version = "0.4.1"
dependencies = [
 "rucc-base",
 "rucc-diag",
 "rucc-target",
]

[[package]]
name = "rucc-target"
version = "0.4.1"
dependencies = [
 "rucc-base",
]

[[package]]
name = "rucc-types"
version = "0.4.1"
dependencies = [
 "rucc-base",
 "rucc-target",
]

[[package]]
name = "rucc-verify"
version = "0.4.1"
dependencies = [
 "rucc-rules",
]

[[package]]
name = "xtask"
version = "0.4.1"
